
Microsoft Visual Studio Solution File, Format Version 12.00
# Visual Studio Version 17
VisualStudioVersion = 17.13.35818.85
MinimumVisualStudioVersion = 10.0.40219.1
Project("{FAE04EC0-301F-11D3-BF4B-00C04F79EFBC}") = "TechLibrary.Api", "TechLibrary.Api\TechLibrary.Api.csproj", "{935DECDA-378E-4820-B5B4-E52EB662566B}"
EndProject
Project("{FAE04EC0-301F-11D3-BF4B-00C04F79EFBC}") = "TechLibrary.Communication", "TechLibrary.Communication\TechLibrary.Communication.csproj", "{4182EC3D-2D5D-4865-9312-23E92BEB8637}"
EndProject
Global
	GlobalSection(SolutionConfigurationPlatforms) = preSolution
		Debug|Any CPU = Debug|Any CPU
		Release|Any CPU = Release|Any CPU
	EndGlobalSection
	GlobalSection(ProjectConfigurationPlatforms) = postSolution
		{935DECDA-378E-4820-B5B4-E52EB662566B}.Debug|Any CPU.ActiveCfg = Debug|Any CPU
		{935DECDA-378E-4820-B5B4-E52EB662566B}.Debug|Any CPU.Build.0 = Debug|Any CPU
		{935DECDA-378E-4820-B5B4-E52EB662566B}.Release|Any CPU.ActiveCfg = Release|Any CPU
		{935DECDA-378E-4820-B5B4-E52EB662566B}.Release|Any CPU.Build.0 = Release|Any CPU
		{4182EC3D-2D5D-4865-9312-23E92BEB8637}.Debug|Any CPU.ActiveCfg = Debug|Any CPU
		{4182EC3D-2D5D-4865-9312-23E92BEB8637}.Debug|Any CPU.Build.0 = Debug|Any CPU
		{4182EC3D-2D5D-4865-9312-23E92BEB8637}.Release|Any CPU.ActiveCfg = Release|Any CPU
		{4182EC3D-2D5D-4865-9312-23E92BEB8637}.Release|Any CPU.Build.0 = Release|Any CPU
	EndGlobalSection
	GlobalSection(SolutionProperties) = preSolution
		HideSolutionNode = FALSE
	EndGlobalSection
	GlobalSection(ExtensibilityGlobals) = postSolution
		SolutionGuid = {3E5AFD66-BCAB-41C8-B10E-308B63E7DE68}
	EndGlobalSection
EndGlobal
